// !$*UTF8*$!
{
	archiveVersion = 1;
	classes = {
	};
	objectVersion = 77;
	objects = {

/* Begin PBXBuildFile section */
		019EFCE5B32EDAFF2F144689 /* Assets.xcassets in Resources */ = {isa = PBXBuildFile; fileRef = 6A9A75FD11B9CD88E182141F /* Assets.xcassets */; };
		234E4BB0E2FD3A651DDFF497 /* RenderState.swift in Sources */ = {isa = PBXBuildFile; fileRef = 82D21390F9CF3014BA80F728 /* RenderState.swift */; };
		26DD0230CE11109907254DCF /* MarkdownTextView.swift in Sources */ = {isa = PBXBuildFile; fileRef = 23767996CB7E02A3FF2E4288 /* MarkdownTextView.swift */; };
		55CDD3611A6D1110A6D16196 /* MarkdownRenderer.swift in Sources */ = {isa = PBXBuildFile; fileRef = E80429CD83E121D02FE4BB46 /* MarkdownRenderer.swift */; };
		85BDB40EDFE19ABDCD489D5F /* MarkdownDocument.swift in Sources */ = {isa = PBXBuildFile; fileRef = 60040AC6C7EE435EBCF11421 /* MarkdownDocument.swift */; };
		8C955CAB5E1173CC725E8039 /* DocumentView.swift in Sources */ = {isa = PBXBuildFile; fileRef = C2020DAB8357938417C7E475 /* DocumentView.swift */; };
		A118C5F6E0A4E7A41474467A /* Markdown in Frameworks */ = {isa = PBXBuildFile; productRef = 712863A6F7188A9DC81BA6BB /* Markdown */; };
		AA5FB4E763EC5DC62800ACB1 /* preview.css in Resources */ = {isa = PBXBuildFile; fileRef = 2F5ED47018C3F88FE67D6F06 /* preview.css */; };
		AFF8E023BCA582476862D97E /* mdviewApp.swift in Sources */ = {isa = PBXBuildFile; fileRef = 09CBF3BD75FE428062B69A99 /* mdviewApp.swift */; };
		C3C82E5CD62C3CF160A4910F /* MarkdownRendererTests.swift in Sources */ = {isa = PBXBuildFile; fileRef = 697AD543F5FD46152146A2B6 /* MarkdownRendererTests.swift */; };
		D4FD11C6127A92E520738A58 /* preview.html in Resources */ = {isa = PBXBuildFile; fileRef = A6732EFF1DA549F172F01DC3 /* preview.html */; };
		FFEB1BEE3290BFF7F46DF993 /* PreviewWebView.swift in Sources */ = {isa = PBXBuildFile; fileRef = 143DD77C2829082500384E4D /* PreviewWebView.swift */; };
/* End PBXBuildFile section */

/* Begin PBXContainerItemProxy section */
		57B8A0BFF4A6D2827F4C5578 /* PBXContainerItemProxy */ = {
			isa = PBXContainerItemProxy;
			containerPortal = 16F80D69FDF31DA953B25AC6 /* Project object */;
			proxyType = 1;
			remoteGlobalIDString = 9F50E1CE7B626A939626D2B8;
			remoteInfo = mdview;
		};
/* End PBXContainerItemProxy section */

/* Begin PBXFileReference section */
		09CBF3BD75FE428062B69A99 /* mdviewApp.swift */ = {isa = PBXFileReference; lastKnownFileType = sourcecode.swift; path = mdviewApp.swift; sourceTree = "<group>"; };
		143DD77C2829082500384E4D /* PreviewWebView.swift */ = {isa = PBXFileReference; lastKnownFileType = sourcecode.swift; path = PreviewWebView.swift; sourceTree = "<group>"; };
		23767996CB7E02A3FF2E4288 /* MarkdownTextView.swift */ = {isa = PBXFileReference; lastKnownFileType = sourcecode.swift; path = MarkdownTextView.swift; sourceTree = "<group>"; };
		2F5ED47018C3F88FE67D6F06 /* preview.css */ = {isa = PBXFileReference; lastKnownFileType = text.css; path = preview.css; sourceTree = "<group>"; };
		3666D30AA351AC44487DD5A4 /* Info.plist */ = {isa = PBXFileReference; lastKnownFileType = text.plist; path = Info.plist; sourceTree = "<group>"; };
		60040AC6C7EE435EBCF11421 /* MarkdownDocument.swift */ = {isa = PBXFileReference; lastKnownFileType = sourcecode.swift; path = MarkdownDocument.swift; sourceTree = "<group>"; };
		697AD543F5FD46152146A2B6 /* MarkdownRendererTests.swift */ = {isa = PBXFileReference; lastKnownFileType = sourcecode.swift; path = MarkdownRendererTests.swift; sourceTree = "<group>"; };
		6A9A75FD11B9CD88E182141F /* Assets.xcassets */ = {isa = PBXFileReference; lastKnownFileType = folder.assetcatalog; path = Assets.xcassets; sourceTree = "<group>"; };
		82D21390F9CF3014BA80F728 /* RenderState.swift */ = {isa = PBXFileReference; lastKnownFileType = sourcecode.swift; path = RenderState.swift; sourceTree = "<group>"; };
		86B6299154C1BA633138762C /* mdviewTests.xctest */ = {isa = PBXFileReference; explicitFileType = wrapper.cfbundle; includeInIndex = 0; path = mdviewTests.xctest; sourceTree = BUILT_PRODUCTS_DIR; };
		A6732EFF1DA549F172F01DC3 /* preview.html */ = {isa = PBXFileReference; lastKnownFileType = text.html; path = preview.html; sourceTree = "<group>"; };
		C2020DAB8357938417C7E475 /* DocumentView.swift */ = {isa = PBXFileReference; lastKnownFileType = sourcecode.swift; path = DocumentView.swift; sourceTree = "<group>"; };
		DE5D57C3B42A29D67FA92A43 /* mdview.app */ = {isa = PBXFileReference; explicitFileType = wrapper.application; includeInIndex = 0; path = mdview.app; sourceTree = BUILT_PRODUCTS_DIR; };
		E80429CD83E121D02FE4BB46 /* MarkdownRenderer.swift */ = {isa = PBXFileReference; lastKnownFileType = sourcecode.swift; path = MarkdownRenderer.swift; sourceTree = "<group>"; };
/* End PBXFileReference section */

/* Begin PBXFrameworksBuildPhase section */
		5EC8D2819201DDED5FE33923 /* Frameworks */ = {
			isa = PBXFrameworksBuildPhase;
			buildActionMask = 2147483647;
			files = (
				A118C5F6E0A4E7A41474467A /* Markdown in Frameworks */,
			);
			runOnlyForDeploymentPostprocessing = 0;
		};
/* End PBXFrameworksBuildPhase section */

/* Begin PBXGroup section */
		22F29D3FCA765DE0A9E53CD2 /* Preview */ = {
			isa = PBXGroup;
			children = (
				78BADF09C7C8E045D13DD9D9 /* Resources */,
				143DD77C2829082500384E4D /* PreviewWebView.swift */,
				82D21390F9CF3014BA80F728 /* RenderState.swift */,
			);
			path = Preview;
			sourceTree = "<group>";
		};
		47BC24EC458391C5BBEAC8A4 /* Rendering */ = {
			isa = PBXGroup;
			children = (
				E80429CD83E121D02FE4BB46 /* MarkdownRenderer.swift */,
			);
			path = Rendering;
			sourceTree = "<group>";
		};
		6D1E67B10ED428EB5D49EFA0 /* Products */ = {
			isa = PBXGroup;
			children = (
				DE5D57C3B42A29D67FA92A43 /* mdview.app */,
				86B6299154C1BA633138762C /* mdviewTests.xctest */,
			);
			name = Products;
			sourceTree = "<group>";
		};
		6E1A020E37483015A6138FFA /* Models */ = {
			isa = PBXGroup;
			children = (
				60040AC6C7EE435EBCF11421 /* MarkdownDocument.swift */,
			);
			path = Models;
			sourceTree = "<group>";
		};
		78BADF09C7C8E045D13DD9D9 /* Resources */ = {
			isa = PBXGroup;
			children = (
				2F5ED47018C3F88FE67D6F06 /* preview.css */,
				A6732EFF1DA549F172F01DC3 /* preview.html */,
			);
			path = Resources;
			sourceTree = "<group>";
		};
		A6C222E19B72CE98E8413EAA /* mdviewTests */ = {
			isa = PBXGroup;
			children = (
				697AD543F5FD46152146A2B6 /* MarkdownRendererTests.swift */,
			);
			path = mdviewTests;
			sourceTree = "<group>";
		};
		C227742324F6A23F8F89F91D /* Views */ = {
			isa = PBXGroup;
			children = (
				C2020DAB8357938417C7E475 /* DocumentView.swift */,
			);
			path = Views;
			sourceTree = "<group>";
		};
		CDD520F8C54887355B69B785 /* Editor */ = {
			isa = PBXGroup;
			children = (
				23767996CB7E02A3FF2E4288 /* MarkdownTextView.swift */,
			);
			path = Editor;
			sourceTree = "<group>";
		};
		E802E4652A78958FBD881A00 /* mdview */ = {
			isa = PBXGroup;
			children = (
				CDD520F8C54887355B69B785 /* Editor */,
				6E1A020E37483015A6138FFA /* Models */,
				22F29D3FCA765DE0A9E53CD2 /* Preview */,
				47BC24EC458391C5BBEAC8A4 /* Rendering */,
				C227742324F6A23F8F89F91D /* Views */,
				6A9A75FD11B9CD88E182141F /* Assets.xcassets */,
				3666D30AA351AC44487DD5A4 /* Info.plist */,
				09CBF3BD75FE428062B69A99 /* mdviewApp.swift */,
			);
			path = mdview;
			sourceTree = "<group>";
		};
		FDF14CF892688491588EE2A7 = {
			isa = PBXGroup;
			children = (
				E802E4652A78958FBD881A00 /* mdview */,
				A6C222E19B72CE98E8413EAA /* mdviewTests */,
				6D1E67B10ED428EB5D49EFA0 /* Products */,
			);
			sourceTree = "<group>";
		};
/* End PBXGroup section */

/* Begin PBXNativeTarget section */
		38C9E10636CC61ECC44F08C0 /* mdviewTests */ = {
			isa = PBXNativeTarget;
			buildConfigurationList = 06FAB2A57253C2114942DD84 /* Build configuration list for PBXNativeTarget "mdviewTests" */;
			buildPhases = (
				D816CE219ACE0A19BEF693E4 /* Sources */,
			);
			buildRules = (
			);
			dependencies = (
				E77F6A7A50052D2E14C45BBE /* PBXTargetDependency */,
			);
			name = mdviewTests;
			packageProductDependencies = (
			);
			productName = mdviewTests;
			productReference = 86B6299154C1BA633138762C /* mdviewTests.xctest */;
			productType = "com.apple.product-type.bundle.unit-test";
		};
		9F50E1CE7B626A939626D2B8 /* mdview */ = {
			isa = PBXNativeTarget;
			buildConfigurationList = 25EDADC04466FC6D8B8AAACD /* Build configuration list for PBXNativeTarget "mdview" */;
			buildPhases = (
				41D94C34811AD559D40300DC /* Sources */,
				AF6473C3B527A860AF093B47 /* Resources */,
				5EC8D2819201DDED5FE33923 /* Frameworks */,
			);
			buildRules = (
			);
			dependencies = (
			);
			name = mdview;
			packageProductDependencies = (
				712863A6F7188A9DC81BA6BB /* Markdown */,
			);
			productName = mdview;
			productReference = DE5D57C3B42A29D67FA92A43 /* mdview.app */;
			productType = "com.apple.product-type.application";
		};
/* End PBXNativeTarget section */

/* Begin PBXProject section */
		16F80D69FDF31DA953B25AC6 /* Project object */ = {
			isa = PBXProject;
			attributes = {
				BuildIndependentTargetsInParallel = YES;
				LastUpgradeCheck = 1430;
				TargetAttributes = {
					9F50E1CE7B626A939626D2B8 = {
						DevelopmentTeam = "";
						ProvisioningStyle = Automatic;
					};
				};
			};
			buildConfigurationList = F3DAF7FC4C9B8A5F8F25AFAB /* Build configuration list for PBXProject "mdview" */;
			developmentRegion = en;
			hasScannedForEncodings = 0;
			knownRegions = (
				Base,
				en,
			);
			mainGroup = FDF14CF892688491588EE2A7;
			minimizedProjectReferenceProxies = 1;
			packageReferences = (
				0687E7A188E285C89DC42F5A /* XCRemoteSwiftPackageReference "swift-markdown" */,
			);
			preferredProjectObjectVersion = 77;
			productRefGroup = 6D1E67B10ED428EB5D49EFA0 /* Products */;
			projectDirPath = "";
			projectRoot = "";
			targets = (
				9F50E1CE7B626A939626D2B8 /* mdview */,
				38C9E10636CC61ECC44F08C0 /* mdviewTests */,
			);
		};
/* End PBXProject section */

/* Begin PBXResourcesBuildPhase section */
		AF6473C3B527A860AF093B47 /* Resources */ = {
			isa = PBXResourcesBuildPhase;
			buildActionMask = 2147483647;
			files = (
				019EFCE5B32EDAFF2F144689 /* Assets.xcassets in Resources */,
				AA5FB4E763EC5DC62800ACB1 /* preview.css in Resources */,
				D4FD11C6127A92E520738A58 /* preview.html in Resources */,
			);
			runOnlyForDeploymentPostprocessing = 0;
		};
/* End PBXResourcesBuildPhase section */

/* Begin PBXSourcesBuildPhase section */
		41D94C34811AD559D40300DC /* Sources */ = {
			isa = PBXSourcesBuildPhase;
			buildActionMask = 2147483647;
			files = (
				8C955CAB5E1173CC725E8039 /* DocumentView.swift in Sources */,
				85BDB40EDFE19ABDCD489D5F /* MarkdownDocument.swift in Sources */,
				55CDD3611A6D1110A6D16196 /* MarkdownRenderer.swift in Sources */,
				26DD0230CE11109907254DCF /* MarkdownTextView.swift in Sources */,
				FFEB1BEE3290BFF7F46DF993 /* PreviewWebView.swift in Sources */,
				234E4BB0E2FD3A651DDFF497 /* RenderState.swift in Sources */,
				AFF8E023BCA582476862D97E /* mdviewApp.swift in Sources */,
			);
			runOnlyForDeploymentPostprocessing = 0;
		};
		D816CE219ACE0A19BEF693E4 /* Sources */ = {
			isa = PBXSourcesBuildPhase;
			buildActionMask = 2147483647;
			files = (
				C3C82E5CD62C3CF160A4910F /* MarkdownRendererTests.swift in Sources */,
			);
			runOnlyForDeploymentPostprocessing = 0;
		};
/* End PBXSourcesBuildPhase section */

/* Begin PBXTargetDependency section */
		E77F6A7A50052D2E14C45BBE /* PBXTargetDependency */ = {
			isa = PBXTargetDependency;
			target = 9F50E1CE7B626A939626D2B8 /* mdview */;
			targetProxy = 57B8A0BFF4A6D2827F4C5578 /* PBXContainerItemProxy */;
		};
/* End PBXTargetDependency section */

/* Begin XCBuildConfiguration section */
		1CA3739DC9C05D486207E083 /* Debug */ = {
			isa = XCBuildConfiguration;
			buildSettings = {
				ALWAYS_SEARCH_USER_PATHS = NO;
				CLANG_ANALYZER_NONNULL = YES;
				CLANG_ANALYZER_NUMBER_OBJECT_CONVERSION = YES_AGGRESSIVE;
				CLANG_CXX_LANGUAGE_STANDARD = "gnu++14";
				CLANG_CXX_LIBRARY = "libc++";
				CLANG_ENABLE_MODULES = YES;
				CLANG_ENABLE_OBJC_ARC = YES;
				CLANG_ENABLE_OBJC_WEAK = YES;
				CLANG_WARN_BLOCK_CAPTURE_AUTORELEASING = YES;
				CLANG_WARN_BOOL_CONVERSION = YES;
				CLANG_WARN_COMMA = YES;
				CLANG_WARN_CONSTANT_CONVERSION = YES;
				CLANG_WARN_DEPRECATED_OBJC_IMPLEMENTATIONS = YES;
				CLANG_WARN_DIRECT_OBJC_ISA_USAGE = YES_ERROR;
				CLANG_WARN_DOCUMENTATION_COMMENTS = YES;
				CLANG_WARN_EMPTY_BODY = YES;
				CLANG_WARN_ENUM_CONVERSION = YES;
				CLANG_WARN_INFINITE_RECURSION = YES;
				CLANG_WARN_INT_CONVERSION = YES;
				CLANG_WARN_NON_LITERAL_NULL_CONVERSION = YES;
				CLANG_WARN_OBJC_IMPLICIT_RETAIN_SELF = YES;
				CLANG_WARN_OBJC_LITERAL_CONVERSION = YES;
				CLANG_WARN_OBJC_ROOT_CLASS = YES_ERROR;
				CLANG_WARN_QUOTED_INCLUDE_IN_FRAMEWORK_HEADER = YES;
				CLANG_WARN_RANGE_LOOP_ANALYSIS = YES;
				CLANG_WARN_STRICT_PROTOTYPES = YES;
				CLANG_WARN_SUSPICIOUS_MOVE = YES;
				CLANG_WARN_UNGUARDED_AVAILABILITY = YES_AGGRESSIVE;
				CLANG_WARN_UNREACHABLE_CODE = YES;
				CLANG_WARN__DUPLICATE_METHOD_MATCH = YES;
				COPY_PHASE_STRIP = NO;
				CURRENT_PROJECT_VERSION = 1;
				DEBUG_INFORMATION_FORMAT = dwarf;
				ENABLE_STRICT_OBJC_MSGSEND = YES;
				ENABLE_TESTABILITY = YES;
				GCC_C_LANGUAGE_STANDARD = gnu11;
				GCC_DYNAMIC_NO_PIC = NO;
				GCC_NO_COMMON_BLOCKS = YES;
				GCC_OPTIMIZATION_LEVEL = 0;
				GCC_PREPROCESSOR_DEFINITIONS = (
					"$(inherited)",
					"DEBUG=1",
				);
				GCC_WARN_64_TO_32_BIT_CONVERSION = YES;
				GCC_WARN_ABOUT_RETURN_TYPE = YES_ERROR;
				GCC_WARN_UNDECLARED_SELECTOR = YES;
				GCC_WARN_UNINITIALIZED_AUTOS = YES_AGGRESSIVE;
				GCC_WARN_UNUSED_FUNCTION = YES;
				GCC_WARN_UNUSED_VARIABLE = YES;
				MACOSX_DEPLOYMENT_TARGET = 26.0;
				MARKETING_VERSION = 0.1.0;
				MTL_ENABLE_DEBUG_INFO = INCLUDE_SOURCE;
				MTL_FAST_MATH = YES;
				ONLY_ACTIVE_ARCH = YES;
				PRODUCT_NAME = "$(TARGET_NAME)";
				SDKROOT = macosx;
				SWIFT_ACTIVE_COMPILATION_CONDITIONS = DEBUG;
				SWIFT_OPTIMIZATION_LEVEL = "-Onone";
				SWIFT_STRICT_CONCURRENCY = complete;
				SWIFT_VERSION = 6.0;
			};
			name = Debug;
		};
		29D53652A5D241C8EA7D4F2A /* Release */ = {
			isa = XCBuildConfiguration;
			buildSettings = {
				BUNDLE_LOADER = "$(TEST_HOST)";
				COMBINE_HIDPI_IMAGES = YES;
				GENERATE_INFOPLIST_FILE = YES;
				LD_RUNPATH_SEARCH_PATHS = (
					"$(inherited)",
					"@executable_path/../Frameworks",
					"@loader_path/../Frameworks",
				);
				MACOSX_DEPLOYMENT_TARGET = 26.0;
				PRODUCT_BUNDLE_IDENTIFIER = net.cmagsisi.mdviewTests;
				SDKROOT = macosx;
				TEST_HOST = "$(BUILT_PRODUCTS_DIR)/mdview.app/Contents/MacOS/mdview";
			};
			name = Release;
		};
		418E09C0B2FE72CA40F3B080 /* Release */ = {
			isa = XCBuildConfiguration;
			buildSettings = {
				ALWAYS_SEARCH_USER_PATHS = NO;
				CLANG_ANALYZER_NONNULL = YES;
				CLANG_ANALYZER_NUMBER_OBJECT_CONVERSION = YES_AGGRESSIVE;
				CLANG_CXX_LANGUAGE_STANDARD = "gnu++14";
				CLANG_CXX_LIBRARY = "libc++";
				CLANG_ENABLE_MODULES = YES;
				CLANG_ENABLE_OBJC_ARC = YES;
				CLANG_ENABLE_OBJC_WEAK = YES;
				CLANG_WARN_BLOCK_CAPTURE_AUTORELEASING = YES;
				CLANG_WARN_BOOL_CONVERSION = YES;
				CLANG_WARN_COMMA = YES;
				CLANG_WARN_CONSTANT_CONVERSION = YES;
				CLANG_WARN_DEPRECATED_OBJC_IMPLEMENTATIONS = YES;
				CLANG_WARN_DIRECT_OBJC_ISA_USAGE = YES_ERROR;
				CLANG_WARN_DOCUMENTATION_COMMENTS = YES;
				CLANG_WARN_EMPTY_BODY = YES;
				CLANG_WARN_ENUM_CONVERSION = YES;
				CLANG_WARN_INFINITE_RECURSION = YES;
				CLANG_WARN_INT_CONVERSION = YES;
				CLANG_WARN_NON_LITERAL_NULL_CONVERSION = YES;
				CLANG_WARN_OBJC_IMPLICIT_RETAIN_SELF = YES;
				CLANG_WARN_OBJC_LITERAL_CONVERSION = YES;
				CLANG_WARN_OBJC_ROOT_CLASS = YES_ERROR;
				CLANG_WARN_QUOTED_INCLUDE_IN_FRAMEWORK_HEADER = YES;
				CLANG_WARN_RANGE_LOOP_ANALYSIS = YES;
				CLANG_WARN_STRICT_PROTOTYPES = YES;
				CLANG_WARN_SUSPICIOUS_MOVE = YES;
				CLANG_WARN_UNGUARDED_AVAILABILITY = YES_AGGRESSIVE;
				CLANG_WARN_UNREACHABLE_CODE = YES;
				CLANG_WARN__DUPLICATE_METHOD_MATCH = YES;
				COPY_PHASE_STRIP = NO;
				CURRENT_PROJECT_VERSION = 1;
				DEBUG_INFORMATION_FORMAT = "dwarf-with-dsym";
				ENABLE_NS_ASSERTIONS = NO;
				ENABLE_STRICT_OBJC_MSGSEND = YES;
				GCC_C_LANGUAGE_STANDARD = gnu11;
				GCC_NO_COMMON_BLOCKS = YES;
				GCC_WARN_64_TO_32_BIT_CONVERSION = YES;
				GCC_WARN_ABOUT_RETURN_TYPE = YES_ERROR;
				GCC_WARN_UNDECLARED_SELECTOR = YES;
				GCC_WARN_UNINITIALIZED_AUTOS = YES_AGGRESSIVE;
				GCC_WARN_UNUSED_FUNCTION = YES;
				GCC_WARN_UNUSED_VARIABLE = YES;
				MACOSX_DEPLOYMENT_TARGET = 26.0;
				MARKETING_VERSION = 0.1.0;
				MTL_ENABLE_DEBUG_INFO = NO;
				MTL_FAST_MATH = YES;
				PRODUCT_NAME = "$(TARGET_NAME)";
				SDKROOT = macosx;
				SWIFT_COMPILATION_MODE = wholemodule;
				SWIFT_OPTIMIZATION_LEVEL = "-O";
				SWIFT_STRICT_CONCURRENCY = complete;
				SWIFT_VERSION = 6.0;
			};
			name = Release;
		};
		4904F41FA72701EA30F2E8DF /* Debug */ = {
			isa = XCBuildConfiguration;
			buildSettings = {
				BUNDLE_LOADER = "$(TEST_HOST)";
				COMBINE_HIDPI_IMAGES = YES;
				GENERATE_INFOPLIST_FILE = YES;
				LD_RUNPATH_SEARCH_PATHS = (
					"$(inherited)",
					"@executable_path/../Frameworks",
					"@loader_path/../Frameworks",
				);
				MACOSX_DEPLOYMENT_TARGET = 26.0;
				PRODUCT_BUNDLE_IDENTIFIER = net.cmagsisi.mdviewTests;
				SDKROOT = macosx;
				TEST_HOST = "$(BUILT_PRODUCTS_DIR)/mdview.app/Contents/MacOS/mdview";
			};
			name = Debug;
		};
		8FFC7CBA533C3D09DE609F47 /* Debug */ = {
			isa = XCBuildConfiguration;
			buildSettings = {
				ASSETCATALOG_COMPILER_APPICON_NAME = AppIcon;
				CODE_SIGN_IDENTITY = "-";
				CODE_SIGN_STYLE = Automatic;
				COMBINE_HIDPI_IMAGES = YES;
				DEVELOPMENT_TEAM = "";
				ENABLE_HARDENED_RUNTIME = YES;
				GENERATE_INFOPLIST_FILE = NO;
				INFOPLIST_FILE = mdview/Info.plist;
				LD_RUNPATH_SEARCH_PATHS = (
					"$(inherited)",
					"@executable_path/../Frameworks",
				);
				MACOSX_DEPLOYMENT_TARGET = 26.0;
				PRODUCT_BUNDLE_IDENTIFIER = net.cmagsisi.mdview;
				SDKROOT = macosx;
			};
			name = Debug;
		};
		CF5EF17E31323C537CE9EDD0 /* Release */ = {
			isa = XCBuildConfiguration;
			buildSettings = {
				ASSETCATALOG_COMPILER_APPICON_NAME = AppIcon;
				CODE_SIGN_IDENTITY = "-";
				CODE_SIGN_STYLE = Automatic;
				COMBINE_HIDPI_IMAGES = YES;
				DEVELOPMENT_TEAM = "";
				ENABLE_HARDENED_RUNTIME = YES;
				GENERATE_INFOPLIST_FILE = NO;
				INFOPLIST_FILE = mdview/Info.plist;
				LD_RUNPATH_SEARCH_PATHS = (
					"$(inherited)",
					"@executable_path/../Frameworks",
				);
				MACOSX_DEPLOYMENT_TARGET = 26.0;
				PRODUCT_BUNDLE_IDENTIFIER = net.cmagsisi.mdview;
				SDKROOT = macosx;
			};
			name = Release;
		};
/* End XCBuildConfiguration section */

/* Begin XCConfigurationList section */
		06FAB2A57253C2114942DD84 /* Build configuration list for PBXNativeTarget "mdviewTests" */ = {
			isa = XCConfigurationList;
			buildConfigurations = (
				4904F41FA72701EA30F2E8DF /* Debug */,
				29D53652A5D241C8EA7D4F2A /* Release */,
			);
			defaultConfigurationIsVisible = 0;
			defaultConfigurationName = Debug;
		};
		25EDADC04466FC6D8B8AAACD /* Build configuration list for PBXNativeTarget "mdview" */ = {
			isa = XCConfigurationList;
			buildConfigurations = (
				8FFC7CBA533C3D09DE609F47 /* Debug */,
				CF5EF17E31323C537CE9EDD0 /* Release */,
			);
			defaultConfigurationIsVisible = 0;
			defaultConfigurationName = Debug;
		};
		F3DAF7FC4C9B8A5F8F25AFAB /* Build configuration list for PBXProject "mdview" */ = {
			isa = XCConfigurationList;
			buildConfigurations = (
				1CA3739DC9C05D486207E083 /* Debug */,
				418E09C0B2FE72CA40F3B080 /* Release */,
			);
			defaultConfigurationIsVisible = 0;
			defaultConfigurationName = Debug;
		};
/* End XCConfigurationList section */

/* Begin XCRemoteSwiftPackageReference section */
		0687E7A188E285C89DC42F5A /* XCRemoteSwiftPackageReference "swift-markdown" */ = {
			isa = XCRemoteSwiftPackageReference;
			repositoryURL = "https://github.com/apple/swift-markdown.git";
			requirement = {
				kind = upToNextMajorVersion;
				minimumVersion = 0.6.0;
			};
		};
/* End XCRemoteSwiftPackageReference section */

/* Begin XCSwiftPackageProductDependency section */
		712863A6F7188A9DC81BA6BB /* Markdown */ = {
			isa = XCSwiftPackageProductDependency;
			package = 0687E7A188E285C89DC42F5A /* XCRemoteSwiftPackageReference "swift-markdown" */;
			productName = Markdown;
		};
/* End XCSwiftPackageProductDependency section */
	};
	rootObject = 16F80D69FDF31DA953B25AC6 /* Project object */;
}
